
Microsoft Visual Studio Solution File, Format Version 12.00
# Visual Studio Version 16
VisualStudioVersion = 16.0.30804.86
MinimumVisualStudioVersion = 10.0.40219.1
Project("{9A19103F-16F7-4668-BE54-9A1E7A4F7556}") = "Business", "Business\Business.csproj", "{74078FF7-A403-4F6D-9B0D-47E9E01E6513}"
EndProject
Project("{9A19103F-16F7-4668-BE54-9A1E7A4F7556}") = "DataAccess", "DataAccess\DataAccess.csproj", "{BA1672BC-F4AA-4C59-8829-3AA9A741E0F1}"
EndProject
Project("{9A19103F-16F7-4668-BE54-9A1E7A4F7556}") = "Entities", "Entities\Entities.csproj", "{801C5CC4-7D0C-432E-9144-92055280ECE0}"
EndProject
Project("{9A19103F-16F7-4668-BE54-9A1E7A4F7556}") = "Core", "Core\Core.csproj", "{3D699D29-4EF9-44C7-8F33-BA4943B1B248}"
EndProject
Project("{9A19103F-16F7-4668-BE54-9A1E7A4F7556}") = "API", "API\API.csproj", "{E621AF69-2999-48CE-A8C4-8CEDED5638F5}"
EndProject
Project("{FAE04EC0-301F-11D3-BF4B-00C04F79EFBC}") = "UI", "UI\UI.csproj", "{3128F67C-B87E-4B67-9135-4E5B37CB5F49}"
EndProject
Global
	GlobalSection(SolutionConfigurationPlatforms) = preSolution
		Debug|Any CPU = Debug|Any CPU
		Release|Any CPU = Release|Any CPU
	EndGlobalSection
	GlobalSection(ProjectConfigurationPlatforms) = postSolution
		{74078FF7-A403-4F6D-9B0D-47E9E01E6513}.Debug|Any CPU.ActiveCfg = Debug|Any CPU
		{74078FF7-A403-4F6D-9B0D-47E9E01E6513}.Debug|Any CPU.Build.0 = Debug|Any CPU
		{74078FF7-A403-4F6D-9B0D-47E9E01E6513}.Release|Any CPU.ActiveCfg = Release|Any CPU
		{74078FF7-A403-4F6D-9B0D-47E9E01E6513}.Release|Any CPU.Build.0 = Release|Any CPU
		{BA1672BC-F4AA-4C59-8829-3AA9A741E0F1}.Debug|Any CPU.ActiveCfg = Debug|Any CPU
		{BA1672BC-F4AA-4C59-8829-3AA9A741E0F1}.Debug|Any CPU.Build.0 = Debug|Any CPU
		{BA1672BC-F4AA-4C59-8829-3AA9A741E0F1}.Release|Any CPU.ActiveCfg = Release|Any CPU
		{BA1672BC-F4AA-4C59-8829-3AA9A741E0F1}.Release|Any CPU.Build.0 = Release|Any CPU
		{801C5CC4-7D0C-432E-9144-92055280ECE0}.Debug|Any CPU.ActiveCfg = Debug|Any CPU
		{801C5CC4-7D0C-432E-9144-92055280ECE0}.Debug|Any CPU.Build.0 = Debug|Any CPU
		{801C5CC4-7D0C-432E-9144-92055280ECE0}.Release|Any CPU.ActiveCfg = Release|Any CPU
		{801C5CC4-7D0C-432E-9144-92055280ECE0}.Release|Any CPU.Build.0 = Release|Any CPU
		{3D699D29-4EF9-44C7-8F33-BA4943B1B248}.Debug|Any CPU.ActiveCfg = Debug|Any CPU
		{3D699D29-4EF9-44C7-8F33-BA4943B1B248}.Debug|Any CPU.Build.0 = Debug|Any CPU
		{3D699D29-4EF9-44C7-8F33-BA4943B1B248}.Release|Any CPU.ActiveCfg = Release|Any CPU
		{3D699D29-4EF9-44C7-8F33-BA4943B1B248}.Release|Any CPU.Build.0 = Release|Any CPU
		{E621AF69-2999-48CE-A8C4-8CEDED5638F5}.Debug|Any CPU.ActiveCfg = Debug|Any CPU
		{E621AF69-2999-48CE-A8C4-8CEDED5638F5}.Debug|Any CPU.Build.0 = Debug|Any CPU
		{E621AF69-2999-48CE-A8C4-8CEDED5638F5}.Release|Any CPU.ActiveCfg = Release|Any CPU
		{E621AF69-2999-48CE-A8C4-8CEDED5638F5}.Release|Any CPU.Build.0 = Release|Any CPU
		{3128F67C-B87E-4B67-9135-4E5B37CB5F49}.Debug|Any CPU.ActiveCfg = Debug|Any CPU
		{3128F67C-B87E-4B67-9135-4E5B37CB5F49}.Debug|Any CPU.Build.0 = Debug|Any CPU
		{3128F67C-B87E-4B67-9135-4E5B37CB5F49}.Release|Any CPU.ActiveCfg = Release|Any CPU
		{3128F67C-B87E-4B67-9135-4E5B37CB5F49}.Release|Any CPU.Build.0 = Release|Any CPU
	EndGlobalSection
	GlobalSection(SolutionProperties) = preSolution
		HideSolutionNode = FALSE
	EndGlobalSection
	GlobalSection(ExtensibilityGlobals) = postSolution
		SolutionGuid = {843CAF5E-8A48-4E9C-AAE4-B6A3300F69AD}
	EndGlobalSection
EndGlobal
